
Microsoft Visual Studio Solution File, Format Version 12.00
# Visual Studio Version 17
VisualStudioVersion = 17.14.36121.58 d17.14
MinimumVisualStudioVersion = 10.0.40219.1
Project("{FAE04EC0-301F-11D3-BF4B-00C04F79EFBC}") = "CrudPSU", "CrudPSU\CrudPSU.csproj", "{BDB0B79B-71BC-40C0-9BA3-59E8009583B3}"
EndProject
Global
	GlobalSection(SolutionConfigurationPlatforms) = preSolution
		Debug|Any CPU = Debug|Any CPU
		Release|Any CPU = Release|Any CPU
	EndGlobalSection
	GlobalSection(ProjectConfigurationPlatforms) = postSolution
		{BDB0B79B-71BC-40C0-9BA3-59E8009583B3}.Debug|Any CPU.ActiveCfg = Debug|Any CPU
		{BDB0B79B-71BC-40C0-9BA3-59E8009583B3}.Debug|Any CPU.Build.0 = Debug|Any CPU
		{BDB0B79B-71BC-40C0-9BA3-59E8009583B3}.Release|Any CPU.ActiveCfg = Release|Any CPU
		{BDB0B79B-71BC-40C0-9BA3-59E8009583B3}.Release|Any CPU.Build.0 = Release|Any CPU
	EndGlobalSection
	GlobalSection(SolutionProperties) = preSolution
		HideSolutionNode = FALSE
	EndGlobalSection
	GlobalSection(ExtensibilityGlobals) = postSolution
		SolutionGuid = {29775482-DB19-49D5-8108-1920E6E5648C}
	EndGlobalSection
EndGlobal
